
Microsoft Visual Studio Solution File, Format Version 12.00
# Visual Studio 14
VisualStudioVersion = 14.0.22823.1
MinimumVisualStudioVersion = 10.0.40219.1
Project("{FAE04EC0-301F-11D3-BF4B-00C04F79EFBC}") = "SistemeInformaticeContabile", "SistemeInformaticeContabile\SistemeInformaticeContabile.csproj", "{83A0DD69-7EC2-4E0F-991D-F262AD0DA1D2}"
EndProject
Project("{FAE04EC0-301F-11D3-BF4B-00C04F79EFBC}") = "Resources", "..\Resources\Resources\Resources.csproj", "{E4A25907-35C1-402E-BB0D-77F9FA35D041}"
EndProject
Global
	GlobalSection(SolutionConfigurationPlatforms) = preSolution
		Debug|Any CPU = Debug|Any CPU
		Release|Any CPU = Release|Any CPU
	EndGlobalSection
	GlobalSection(ProjectConfigurationPlatforms) = postSolution
		{83A0DD69-7EC2-4E0F-991D-F262AD0DA1D2}.Debug|Any CPU.ActiveCfg = Debug|Any CPU
		{83A0DD69-7EC2-4E0F-991D-F262AD0DA1D2}.Debug|Any CPU.Build.0 = Debug|Any CPU
		{83A0DD69-7EC2-4E0F-991D-F262AD0DA1D2}.Release|Any CPU.ActiveCfg = Release|Any CPU
		{83A0DD69-7EC2-4E0F-991D-F262AD0DA1D2}.Release|Any CPU.Build.0 = Release|Any CPU
		{E4A25907-35C1-402E-BB0D-77F9FA35D041}.Debug|Any CPU.ActiveCfg = Debug|Any CPU
		{E4A25907-35C1-402E-BB0D-77F9FA35D041}.Debug|Any CPU.Build.0 = Debug|Any CPU
		{E4A25907-35C1-402E-BB0D-77F9FA35D041}.Release|Any CPU.ActiveCfg = Release|Any CPU
		{E4A25907-35C1-402E-BB0D-77F9FA35D041}.Release|Any CPU.Build.0 = Release|Any CPU
	EndGlobalSection
	GlobalSection(SolutionProperties) = preSolution
		HideSolutionNode = FALSE
	EndGlobalSection
EndGlobal
